
Microsoft Visual Studio Solution File, Format Version 12.00
# Visual Studio 14
VisualStudioVersion = 14.0.25123.0
MinimumVisualStudioVersion = 10.0.40219.1
Project("{FAE04EC0-301F-11D3-BF4B-00C04F79EFBC}") = "PasswordSaver", "PasswordSaver\PasswordSaver.csproj", "{2C5F35ED-BE10-4386-925A-79D9BEC7A600}"
EndProject
Project("{FAE04EC0-301F-11D3-BF4B-00C04F79EFBC}") = "UWPTest", "UWPTest\UWPTest.csproj", "{94564DE9-6428-4C15-81C6-B9C00F5C945A}"
EndProject
Project("{FAE04EC0-301F-11D3-BF4B-00C04F79EFBC}") = "ConsoleTest", "ConsoleTest\ConsoleTest.csproj", "{FD84D299-1BD3-4510-9883-885ECC81D52F}"
EndProject
Project("{FAE04EC0-301F-11D3-BF4B-00C04F79EFBC}") = "PasswordSaverAndriod", "PasswordSaverAndriod\PasswordSaverAndriod.csproj", "{FE31F6D0-5CB0-47B0-BA8F-3A80737DACDB}"
EndProject
Project("{FAE04EC0-301F-11D3-BF4B-00C04F79EFBC}") = "AndroidTest", "AndroidTest\AndroidTest.csproj", "{BD148806-4D3D-4613-BB8C-8D7CA3BB0AA8}"
EndProject
Global
	GlobalSection(SolutionConfigurationPlatforms) = preSolution
		Debug|Any CPU = Debug|Any CPU
		Debug|ARM = Debug|ARM
		Debug|x64 = Debug|x64
		Debug|x86 = Debug|x86
		Release|Any CPU = Release|Any CPU
		Release|ARM = Release|ARM
		Release|x64 = Release|x64
		Release|x86 = Release|x86
	EndGlobalSection
	GlobalSection(ProjectConfigurationPlatforms) = postSolution
		{2C5F35ED-BE10-4386-925A-79D9BEC7A600}.Debug|Any CPU.ActiveCfg = Debug|x86
		{2C5F35ED-BE10-4386-925A-79D9BEC7A600}.Debug|ARM.ActiveCfg = Debug|ARM
		{2C5F35ED-BE10-4386-925A-79D9BEC7A600}.Debug|ARM.Build.0 = Debug|ARM
		{2C5F35ED-BE10-4386-925A-79D9BEC7A600}.Debug|ARM.Deploy.0 = Debug|ARM
		{2C5F35ED-BE10-4386-925A-79D9BEC7A600}.Debug|x64.ActiveCfg = Debug|x64
		{2C5F35ED-BE10-4386-925A-79D9BEC7A600}.Debug|x64.Build.0 = Debug|x64
		{2C5F35ED-BE10-4386-925A-79D9BEC7A600}.Debug|x64.Deploy.0 = Debug|x64
		{2C5F35ED-BE10-4386-925A-79D9BEC7A600}.Debug|x86.ActiveCfg = Debug|x86
		{2C5F35ED-BE10-4386-925A-79D9BEC7A600}.Debug|x86.Build.0 = Debug|x86
		{2C5F35ED-BE10-4386-925A-79D9BEC7A600}.Debug|x86.Deploy.0 = Debug|x86
		{2C5F35ED-BE10-4386-925A-79D9BEC7A600}.Release|Any CPU.ActiveCfg = Release|x86
		{2C5F35ED-BE10-4386-925A-79D9BEC7A600}.Release|ARM.ActiveCfg = Release|ARM
		{2C5F35ED-BE10-4386-925A-79D9BEC7A600}.Release|ARM.Build.0 = Release|ARM
		{2C5F35ED-BE10-4386-925A-79D9BEC7A600}.Release|ARM.Deploy.0 = Release|ARM
		{2C5F35ED-BE10-4386-925A-79D9BEC7A600}.Release|x64.ActiveCfg = Release|x64
		{2C5F35ED-BE10-4386-925A-79D9BEC7A600}.Release|x64.Build.0 = Release|x64
		{2C5F35ED-BE10-4386-925A-79D9BEC7A600}.Release|x64.Deploy.0 = Release|x64
		{2C5F35ED-BE10-4386-925A-79D9BEC7A600}.Release|x86.ActiveCfg = Release|x86
		{2C5F35ED-BE10-4386-925A-79D9BEC7A600}.Release|x86.Build.0 = Release|x86
		{2C5F35ED-BE10-4386-925A-79D9BEC7A600}.Release|x86.Deploy.0 = Release|x86
		{94564DE9-6428-4C15-81C6-B9C00F5C945A}.Debug|Any CPU.ActiveCfg = Debug|x86
		{94564DE9-6428-4C15-81C6-B9C00F5C945A}.Debug|ARM.ActiveCfg = Debug|ARM
		{94564DE9-6428-4C15-81C6-B9C00F5C945A}.Debug|ARM.Build.0 = Debug|ARM
		{94564DE9-6428-4C15-81C6-B9C00F5C945A}.Debug|ARM.Deploy.0 = Debug|ARM
		{94564DE9-6428-4C15-81C6-B9C00F5C945A}.Debug|x64.ActiveCfg = Debug|x64
		{94564DE9-6428-4C15-81C6-B9C00F5C945A}.Debug|x64.Build.0 = Debug|x64
		{94564DE9-6428-4C15-81C6-B9C00F5C945A}.Debug|x64.Deploy.0 = Debug|x64
		{94564DE9-6428-4C15-81C6-B9C00F5C945A}.Debug|x86.ActiveCfg = Debug|x86
		{94564DE9-6428-4C15-81C6-B9C00F5C945A}.Debug|x86.Build.0 = Debug|x86
		{94564DE9-6428-4C15-81C6-B9C00F5C945A}.Debug|x86.Deploy.0 = Debug|x86
		{94564DE9-6428-4C15-81C6-B9C00F5C945A}.Release|Any CPU.ActiveCfg = Release|x86
		{94564DE9-6428-4C15-81C6-B9C00F5C945A}.Release|ARM.ActiveCfg = Release|ARM
		{94564DE9-6428-4C15-81C6-B9C00F5C945A}.Release|ARM.Build.0 = Release|ARM
		{94564DE9-6428-4C15-81C6-B9C00F5C945A}.Release|ARM.Deploy.0 = Release|ARM
		{94564DE9-6428-4C15-81C6-B9C00F5C945A}.Release|x64.ActiveCfg = Release|x64
		{94564DE9-6428-4C15-81C6-B9C00F5C945A}.Release|x64.Build.0 = Release|x64
		{94564DE9-6428-4C15-81C6-B9C00F5C945A}.Release|x64.Deploy.0 = Release|x64
		{94564DE9-6428-4C15-81C6-B9C00F5C945A}.Release|x86.ActiveCfg = Release|x86
		{94564DE9-6428-4C15-81C6-B9C00F5C945A}.Release|x86.Build.0 = Release|x86
		{94564DE9-6428-4C15-81C6-B9C00F5C945A}.Release|x86.Deploy.0 = Release|x86
		{FD84D299-1BD3-4510-9883-885ECC81D52F}.Debug|Any CPU.ActiveCfg = Debug|Any CPU
		{FD84D299-1BD3-4510-9883-885ECC81D52F}.Debug|Any CPU.Build.0 = Debug|Any CPU
		{FD84D299-1BD3-4510-9883-885ECC81D52F}.Debug|ARM.ActiveCfg = Debug|Any CPU
		{FD84D299-1BD3-4510-9883-885ECC81D52F}.Debug|ARM.Build.0 = Debug|Any CPU
		{FD84D299-1BD3-4510-9883-885ECC81D52F}.Debug|x64.ActiveCfg = Debug|Any CPU
		{FD84D299-1BD3-4510-9883-885ECC81D52F}.Debug|x64.Build.0 = Debug|Any CPU
		{FD84D299-1BD3-4510-9883-885ECC81D52F}.Debug|x86.ActiveCfg = Debug|Any CPU
		{FD84D299-1BD3-4510-9883-885ECC81D52F}.Debug|x86.Build.0 = Debug|Any CPU
		{FD84D299-1BD3-4510-9883-885ECC81D52F}.Release|Any CPU.ActiveCfg = Release|Any CPU
		{FD84D299-1BD3-4510-9883-885ECC81D52F}.Release|Any CPU.Build.0 = Release|Any CPU
		{FD84D299-1BD3-4510-9883-885ECC81D52F}.Release|ARM.ActiveCfg = Release|Any CPU
		{FD84D299-1BD3-4510-9883-885ECC81D52F}.Release|ARM.Build.0 = Release|Any CPU
		{FD84D299-1BD3-4510-9883-885ECC81D52F}.Release|x64.ActiveCfg = Release|Any CPU
		{FD84D299-1BD3-4510-9883-885ECC81D52F}.Release|x64.Build.0 = Release|Any CPU
		{FD84D299-1BD3-4510-9883-885ECC81D52F}.Release|x86.ActiveCfg = Release|Any CPU
		{FD84D299-1BD3-4510-9883-885ECC81D52F}.Release|x86.Build.0 = Release|Any CPU
		{FE31F6D0-5CB0-47B0-BA8F-3A80737DACDB}.Debug|Any CPU.ActiveCfg = Debug|Any CPU
		{FE31F6D0-5CB0-47B0-BA8F-3A80737DACDB}.Debug|Any CPU.Build.0 = Debug|Any CPU
		{FE31F6D0-5CB0-47B0-BA8F-3A80737DACDB}.Debug|Any CPU.Deploy.0 = Debug|Any CPU
		{FE31F6D0-5CB0-47B0-BA8F-3A80737DACDB}.Debug|ARM.ActiveCfg = Debug|Any CPU
		{FE31F6D0-5CB0-47B0-BA8F-3A80737DACDB}.Debug|ARM.Build.0 = Debug|Any CPU
		{FE31F6D0-5CB0-47B0-BA8F-3A80737DACDB}.Debug|ARM.Deploy.0 = Debug|Any CPU
		{FE31F6D0-5CB0-47B0-BA8F-3A80737DACDB}.Debug|x64.ActiveCfg = Debug|Any CPU
		{FE31F6D0-5CB0-47B0-BA8F-3A80737DACDB}.Debug|x64.Build.0 = Debug|Any CPU
		{FE31F6D0-5CB0-47B0-BA8F-3A80737DACDB}.Debug|x64.Deploy.0 = Debug|Any CPU
		{FE31F6D0-5CB0-47B0-BA8F-3A80737DACDB}.Debug|x86.ActiveCfg = Debug|Any CPU
		{FE31F6D0-5CB0-47B0-BA8F-3A80737DACDB}.Debug|x86.Build.0 = Debug|Any CPU
		{FE31F6D0-5CB0-47B0-BA8F-3A80737DACDB}.Debug|x86.Deploy.0 = Debug|Any CPU
		{FE31F6D0-5CB0-47B0-BA8F-3A80737DACDB}.Release|Any CPU.ActiveCfg = Release|Any CPU
		{FE31F6D0-5CB0-47B0-BA8F-3A80737DACDB}.Release|Any CPU.Build.0 = Release|Any CPU
		{FE31F6D0-5CB0-47B0-BA8F-3A80737DACDB}.Release|Any CPU.Deploy.0 = Release|Any CPU
		{FE31F6D0-5CB0-47B0-BA8F-3A80737DACDB}.Release|ARM.ActiveCfg = Release|Any CPU
		{FE31F6D0-5CB0-47B0-BA8F-3A80737DACDB}.Release|ARM.Build.0 = Release|Any CPU
		{FE31F6D0-5CB0-47B0-BA8F-3A80737DACDB}.Release|ARM.Deploy.0 = Release|Any CPU
		{FE31F6D0-5CB0-47B0-BA8F-3A80737DACDB}.Release|x64.ActiveCfg = Release|Any CPU
		{FE31F6D0-5CB0-47B0-BA8F-3A80737DACDB}.Release|x64.Build.0 = Release|Any CPU
		{FE31F6D0-5CB0-47B0-BA8F-3A80737DACDB}.Release|x64.Deploy.0 = Release|Any CPU
		{FE31F6D0-5CB0-47B0-BA8F-3A80737DACDB}.Release|x86.ActiveCfg = Release|Any CPU
		{FE31F6D0-5CB0-47B0-BA8F-3A80737DACDB}.Release|x86.Build.0 = Release|Any CPU
		{FE31F6D0-5CB0-47B0-BA8F-3A80737DACDB}.Release|x86.Deploy.0 = Release|Any CPU
		{BD148806-4D3D-4613-BB8C-8D7CA3BB0AA8}.Debug|Any CPU.ActiveCfg = Debug|Any CPU
		{BD148806-4D3D-4613-BB8C-8D7CA3BB0AA8}.Debug|Any CPU.Build.0 = Debug|Any CPU
		{BD148806-4D3D-4613-BB8C-8D7CA3BB0AA8}.Debug|Any CPU.Deploy.0 = Debug|Any CPU
		{BD148806-4D3D-4613-BB8C-8D7CA3BB0AA8}.Debug|ARM.ActiveCfg = Debug|Any CPU
		{BD148806-4D3D-4613-BB8C-8D7CA3BB0AA8}.Debug|ARM.Build.0 = Debug|Any CPU
		{BD148806-4D3D-4613-BB8C-8D7CA3BB0AA8}.Debug|ARM.Deploy.0 = Debug|Any CPU
		{BD148806-4D3D-4613-BB8C-8D7CA3BB0AA8}.Debug|x64.ActiveCfg = Debug|Any CPU
		{BD148806-4D3D-4613-BB8C-8D7CA3BB0AA8}.Debug|x64.Build.0 = Debug|Any CPU
		{BD148806-4D3D-4613-BB8C-8D7CA3BB0AA8}.Debug|x64.Deploy.0 = Debug|Any CPU
		{BD148806-4D3D-4613-BB8C-8D7CA3BB0AA8}.Debug|x86.ActiveCfg = Debug|Any CPU
		{BD148806-4D3D-4613-BB8C-8D7CA3BB0AA8}.Debug|x86.Build.0 = Debug|Any CPU
		{BD148806-4D3D-4613-BB8C-8D7CA3BB0AA8}.Debug|x86.Deploy.0 = Debug|Any CPU
		{BD148806-4D3D-4613-BB8C-8D7CA3BB0AA8}.Release|Any CPU.ActiveCfg = Release|Any CPU
		{BD148806-4D3D-4613-BB8C-8D7CA3BB0AA8}.Release|Any CPU.Build.0 = Release|Any CPU
		{BD148806-4D3D-4613-BB8C-8D7CA3BB0AA8}.Release|Any CPU.Deploy.0 = Release|Any CPU
		{BD148806-4D3D-4613-BB8C-8D7CA3BB0AA8}.Release|ARM.ActiveCfg = Release|Any CPU
		{BD148806-4D3D-4613-BB8C-8D7CA3BB0AA8}.Release|ARM.Build.0 = Release|Any CPU
		{BD148806-4D3D-4613-BB8C-8D7CA3BB0AA8}.Release|ARM.Deploy.0 = Release|Any CPU
		{BD148806-4D3D-4613-BB8C-8D7CA3BB0AA8}.Release|x64.ActiveCfg = Release|Any CPU
		{BD148806-4D3D-4613-BB8C-8D7CA3BB0AA8}.Release|x64.Build.0 = Release|Any CPU
		{BD148806-4D3D-4613-BB8C-8D7CA3BB0AA8}.Release|x64.Deploy.0 = Release|Any CPU
		{BD148806-4D3D-4613-BB8C-8D7CA3BB0AA8}.Release|x86.ActiveCfg = Release|Any CPU
		{BD148806-4D3D-4613-BB8C-8D7CA3BB0AA8}.Release|x86.Build.0 = Release|Any CPU
		{BD148806-4D3D-4613-BB8C-8D7CA3BB0AA8}.Release|x86.Deploy.0 = Release|Any CPU
	EndGlobalSection
	GlobalSection(SolutionProperties) = preSolution
		HideSolutionNode = FALSE
	EndGlobalSection
EndGlobal
